
Microsoft Visual Studio Solution File, Format Version 12.00
# Visual Studio Version 17
VisualStudioVersion = 17.0.31903.59
MinimumVisualStudioVersion = 10.0.40219.1
Project("{FAE04EC0-301F-11D3-BF4B-00C04F79EFBC}") = "MediathequeWeb", "MediathequeWeb\MediathequeWeb.csproj", "{16C9CDFA-23FE-4B96-9BEE-F015D89092FC}"
EndProject
Project("{FAE04EC0-301F-11D3-BF4B-00C04F79EFBC}") = "Mediatheque.UnitTests", "Mediatheque.UnitTests\Mediatheque.UnitTests.csproj", "{4C870A68-9CC3-47FA-A261-A410B15A6AF0}"
EndProject
Global
	GlobalSection(SolutionConfigurationPlatforms) = preSolution
		Debug|Any CPU = Debug|Any CPU
		Debug|x64 = Debug|x64
		Debug|x86 = Debug|x86
		Release|Any CPU = Release|Any CPU
		Release|x64 = Release|x64
		Release|x86 = Release|x86
	EndGlobalSection
	GlobalSection(ProjectConfigurationPlatforms) = postSolution
		{16C9CDFA-23FE-4B96-9BEE-F015D89092FC}.Debug|Any CPU.ActiveCfg = Debug|Any CPU
		{16C9CDFA-23FE-4B96-9BEE-F015D89092FC}.Debug|Any CPU.Build.0 = Debug|Any CPU
		{16C9CDFA-23FE-4B96-9BEE-F015D89092FC}.Debug|x64.ActiveCfg = Debug|Any CPU
		{16C9CDFA-23FE-4B96-9BEE-F015D89092FC}.Debug|x64.Build.0 = Debug|Any CPU
		{16C9CDFA-23FE-4B96-9BEE-F015D89092FC}.Debug|x86.ActiveCfg = Debug|Any CPU
		{16C9CDFA-23FE-4B96-9BEE-F015D89092FC}.Debug|x86.Build.0 = Debug|Any CPU
		{16C9CDFA-23FE-4B96-9BEE-F015D89092FC}.Release|Any CPU.ActiveCfg = Release|Any CPU
		{16C9CDFA-23FE-4B96-9BEE-F015D89092FC}.Release|Any CPU.Build.0 = Release|Any CPU
		{16C9CDFA-23FE-4B96-9BEE-F015D89092FC}.Release|x64.ActiveCfg = Release|Any CPU
		{16C9CDFA-23FE-4B96-9BEE-F015D89092FC}.Release|x64.Build.0 = Release|Any CPU
		{16C9CDFA-23FE-4B96-9BEE-F015D89092FC}.Release|x86.ActiveCfg = Release|Any CPU
		{16C9CDFA-23FE-4B96-9BEE-F015D89092FC}.Release|x86.Build.0 = Release|Any CPU
		{4C870A68-9CC3-47FA-A261-A410B15A6AF0}.Debug|Any CPU.ActiveCfg = Debug|Any CPU
		{4C870A68-9CC3-47FA-A261-A410B15A6AF0}.Debug|Any CPU.Build.0 = Debug|Any CPU
		{4C870A68-9CC3-47FA-A261-A410B15A6AF0}.Debug|x64.ActiveCfg = Debug|Any CPU
		{4C870A68-9CC3-47FA-A261-A410B15A6AF0}.Debug|x64.Build.0 = Debug|Any CPU
		{4C870A68-9CC3-47FA-A261-A410B15A6AF0}.Debug|x86.ActiveCfg = Debug|Any CPU
		{4C870A68-9CC3-47FA-A261-A410B15A6AF0}.Debug|x86.Build.0 = Debug|Any CPU
		{4C870A68-9CC3-47FA-A261-A410B15A6AF0}.Release|Any CPU.ActiveCfg = Release|Any CPU
		{4C870A68-9CC3-47FA-A261-A410B15A6AF0}.Release|Any CPU.Build.0 = Release|Any CPU
		{4C870A68-9CC3-47FA-A261-A410B15A6AF0}.Release|x64.ActiveCfg = Release|Any CPU
		{4C870A68-9CC3-47FA-A261-A410B15A6AF0}.Release|x64.Build.0 = Release|Any CPU
		{4C870A68-9CC3-47FA-A261-A410B15A6AF0}.Release|x86.ActiveCfg = Release|Any CPU
		{4C870A68-9CC3-47FA-A261-A410B15A6AF0}.Release|x86.Build.0 = Release|Any CPU
	EndGlobalSection
	GlobalSection(SolutionProperties) = preSolution
		HideSolutionNode = FALSE
	EndGlobalSection
EndGlobal
